
Microsoft Visual Studio Solution File, Format Version 12.00
# Visual Studio Version 17
VisualStudioVersion = 17.10.35027.167
MinimumVisualStudioVersion = 10.0.40219.1
Project("{9A19103F-16F7-4668-BE54-9A1E7A4F7556}") = "ClinicConnect", "ClinicConnect.csproj", "{74200C6F-DB36-4897-8D63-C38CCE305418}"
EndProject
Project("{FAE04EC0-301F-11D3-BF4B-00C04F79EFBC}") = "TestClinicConnect", "..\TestClinicConnect\TestClinicConnect.csproj", "{6C801429-7A1D-45AA-B189-41BF4A2004A8}"
EndProject
Global
	GlobalSection(SolutionConfigurationPlatforms) = preSolution
		Debug|Any CPU = Debug|Any CPU
		Release|Any CPU = Release|Any CPU
	EndGlobalSection
	GlobalSection(ProjectConfigurationPlatforms) = postSolution
		{74200C6F-DB36-4897-8D63-C38CCE305418}.Debug|Any CPU.ActiveCfg = Debug|Any CPU
		{74200C6F-DB36-4897-8D63-C38CCE305418}.Debug|Any CPU.Build.0 = Debug|Any CPU
		{74200C6F-DB36-4897-8D63-C38CCE305418}.Release|Any CPU.ActiveCfg = Release|Any CPU
		{74200C6F-DB36-4897-8D63-C38CCE305418}.Release|Any CPU.Build.0 = Release|Any CPU
		{6C801429-7A1D-45AA-B189-41BF4A2004A8}.Debug|Any CPU.ActiveCfg = Debug|Any CPU
		{6C801429-7A1D-45AA-B189-41BF4A2004A8}.Debug|Any CPU.Build.0 = Debug|Any CPU
		{6C801429-7A1D-45AA-B189-41BF4A2004A8}.Release|Any CPU.ActiveCfg = Release|Any CPU
		{6C801429-7A1D-45AA-B189-41BF4A2004A8}.Release|Any CPU.Build.0 = Release|Any CPU
	EndGlobalSection
	GlobalSection(SolutionProperties) = preSolution
		HideSolutionNode = FALSE
	EndGlobalSection
	GlobalSection(ExtensibilityGlobals) = postSolution
		SolutionGuid = {20063494-6A49-495E-B907-5276C7663471}
	EndGlobalSection
EndGlobal
